
Microsoft Visual Studio Solution File, Format Version 12.00
# Visual Studio Version 17
VisualStudioVersion = 17.8.34601.278
MinimumVisualStudioVersion = 10.0.40219.1
Project("{FAE04EC0-301F-11D3-BF4B-00C04F79EFBC}") = "RuleEngine.API", "RuleEngine.API\RuleEngine.API.csproj", "{036688B2-E305-4316-B204-379D2762AF57}"
EndProject
Project("{FAE04EC0-301F-11D3-BF4B-00C04F79EFBC}") = "RuleEngine.Definitions", "ruleEngine.Definitions\RuleEngine.Definitions.csproj", "{2306EC87-9E4F-4E72-BF8A-F5A603CB8378}"
EndProject
Project("{FAE04EC0-301F-11D3-BF4B-00C04F79EFBC}") = "RuleEngine.Core", "RuleEngine.Core\RuleEngine.Core.csproj", "{71EA80B7-7CE4-4757-90D2-2E051D353967}"
EndProject
Project("{FAE04EC0-301F-11D3-BF4B-00C04F79EFBC}") = "RuleEngine.Test", "RuleEngine.Test\RuleEngine.Test.csproj", "{E373412C-5645-4DF1-96F0-1501ED2F198C}"
EndProject
Global
	GlobalSection(SolutionConfigurationPlatforms) = preSolution
		Debug|Any CPU = Debug|Any CPU
		Release|Any CPU = Release|Any CPU
	EndGlobalSection
	GlobalSection(ProjectConfigurationPlatforms) = postSolution
		{036688B2-E305-4316-B204-379D2762AF57}.Debug|Any CPU.ActiveCfg = Debug|Any CPU
		{036688B2-E305-4316-B204-379D2762AF57}.Debug|Any CPU.Build.0 = Debug|Any CPU
		{036688B2-E305-4316-B204-379D2762AF57}.Release|Any CPU.ActiveCfg = Release|Any CPU
		{036688B2-E305-4316-B204-379D2762AF57}.Release|Any CPU.Build.0 = Release|Any CPU
		{2306EC87-9E4F-4E72-BF8A-F5A603CB8378}.Debug|Any CPU.ActiveCfg = Debug|Any CPU
		{2306EC87-9E4F-4E72-BF8A-F5A603CB8378}.Debug|Any CPU.Build.0 = Debug|Any CPU
		{2306EC87-9E4F-4E72-BF8A-F5A603CB8378}.Release|Any CPU.ActiveCfg = Release|Any CPU
		{2306EC87-9E4F-4E72-BF8A-F5A603CB8378}.Release|Any CPU.Build.0 = Release|Any CPU
		{71EA80B7-7CE4-4757-90D2-2E051D353967}.Debug|Any CPU.ActiveCfg = Debug|Any CPU
		{71EA80B7-7CE4-4757-90D2-2E051D353967}.Debug|Any CPU.Build.0 = Debug|Any CPU
		{71EA80B7-7CE4-4757-90D2-2E051D353967}.Release|Any CPU.ActiveCfg = Release|Any CPU
		{71EA80B7-7CE4-4757-90D2-2E051D353967}.Release|Any CPU.Build.0 = Release|Any CPU
		{E373412C-5645-4DF1-96F0-1501ED2F198C}.Debug|Any CPU.ActiveCfg = Debug|Any CPU
		{E373412C-5645-4DF1-96F0-1501ED2F198C}.Debug|Any CPU.Build.0 = Debug|Any CPU
		{E373412C-5645-4DF1-96F0-1501ED2F198C}.Release|Any CPU.ActiveCfg = Release|Any CPU
		{E373412C-5645-4DF1-96F0-1501ED2F198C}.Release|Any CPU.Build.0 = Release|Any CPU
	EndGlobalSection
	GlobalSection(SolutionProperties) = preSolution
		HideSolutionNode = FALSE
	EndGlobalSection
	GlobalSection(ExtensibilityGlobals) = postSolution
		SolutionGuid = {C3F3B35D-DC39-4004-82C0-D7DB6C3A47F1}
	EndGlobalSection
EndGlobal
